
Microsoft Visual Studio Solution File, Format Version 12.00
# Visual Studio Version 17
VisualStudioVersion = 17.0.31903.59
MinimumVisualStudioVersion = 10.0.40219.1
Project("{2150E333-8FDC-42A3-9474-1A3956D46DE8}") = "Shared", "Shared", "{6F707438-22CF-4BF9-A56B-7817D9E4BD48}"
EndProject
Project("{9A19103F-16F7-4668-BE54-9A1E7A4F7556}") = "PDN.Shared.Abstraction", "Shared\PDN.Shared.Abstraction\PDN.Shared.Abstraction.csproj", "{56431782-20BD-4E1E-B8F1-7E4CD2865395}"
EndProject
Project("{9A19103F-16F7-4668-BE54-9A1E7A4F7556}") = "PDN.Application", "PDN.Application\PDN.Application.csproj", "{22EB7500-FED9-486F-8C05-27F1DE4B95CF}"
EndProject
Project("{9A19103F-16F7-4668-BE54-9A1E7A4F7556}") = "PDN.Infrastructure", "PDN.Infrastructure\PDN.Infrastructure\PDN.Infrastructure.csproj", "{C5E0E014-3C12-4ABD-B7FD-76CF9B489FA1}"
EndProject
Project("{9A19103F-16F7-4668-BE54-9A1E7A4F7556}") = "PDN.Presentation", "PDN.Presentation\PDN.Presentation.csproj", "{B3F3F3DF-3FC9-4E0C-9B75-BC3AF890F0D7}"
EndProject
Project("{9A19103F-16F7-4668-BE54-9A1E7A4F7556}") = "PDN.EndPoint", "PDN.EndPoint\PDN.EndPoint\PDN.EndPoint.csproj", "{AC650544-6E39-4D3C-B058-1D0F54826E9B}"
EndProject
Project("{FAE04EC0-301F-11D3-BF4B-00C04F79EFBC}") = "PDN.Domain", "PDN.Domain\PDN.Domain\PDN.Domain.csproj", "{3B9D2CBA-ABCE-47CE-B32D-4315F27E92A9}"
EndProject
Global
	GlobalSection(SolutionConfigurationPlatforms) = preSolution
		Debug|Any CPU = Debug|Any CPU
		Release|Any CPU = Release|Any CPU
	EndGlobalSection
	GlobalSection(ProjectConfigurationPlatforms) = postSolution
		{56431782-20BD-4E1E-B8F1-7E4CD2865395}.Debug|Any CPU.ActiveCfg = Debug|Any CPU
		{56431782-20BD-4E1E-B8F1-7E4CD2865395}.Debug|Any CPU.Build.0 = Debug|Any CPU
		{56431782-20BD-4E1E-B8F1-7E4CD2865395}.Release|Any CPU.ActiveCfg = Release|Any CPU
		{56431782-20BD-4E1E-B8F1-7E4CD2865395}.Release|Any CPU.Build.0 = Release|Any CPU
		{22EB7500-FED9-486F-8C05-27F1DE4B95CF}.Debug|Any CPU.ActiveCfg = Debug|Any CPU
		{22EB7500-FED9-486F-8C05-27F1DE4B95CF}.Debug|Any CPU.Build.0 = Debug|Any CPU
		{22EB7500-FED9-486F-8C05-27F1DE4B95CF}.Release|Any CPU.ActiveCfg = Release|Any CPU
		{22EB7500-FED9-486F-8C05-27F1DE4B95CF}.Release|Any CPU.Build.0 = Release|Any CPU
		{C5E0E014-3C12-4ABD-B7FD-76CF9B489FA1}.Debug|Any CPU.ActiveCfg = Debug|Any CPU
		{C5E0E014-3C12-4ABD-B7FD-76CF9B489FA1}.Debug|Any CPU.Build.0 = Debug|Any CPU
		{C5E0E014-3C12-4ABD-B7FD-76CF9B489FA1}.Release|Any CPU.ActiveCfg = Release|Any CPU
		{C5E0E014-3C12-4ABD-B7FD-76CF9B489FA1}.Release|Any CPU.Build.0 = Release|Any CPU
		{B3F3F3DF-3FC9-4E0C-9B75-BC3AF890F0D7}.Debug|Any CPU.ActiveCfg = Debug|Any CPU
		{B3F3F3DF-3FC9-4E0C-9B75-BC3AF890F0D7}.Debug|Any CPU.Build.0 = Debug|Any CPU
		{B3F3F3DF-3FC9-4E0C-9B75-BC3AF890F0D7}.Release|Any CPU.ActiveCfg = Release|Any CPU
		{B3F3F3DF-3FC9-4E0C-9B75-BC3AF890F0D7}.Release|Any CPU.Build.0 = Release|Any CPU
		{AC650544-6E39-4D3C-B058-1D0F54826E9B}.Debug|Any CPU.ActiveCfg = Debug|Any CPU
		{AC650544-6E39-4D3C-B058-1D0F54826E9B}.Debug|Any CPU.Build.0 = Debug|Any CPU
		{AC650544-6E39-4D3C-B058-1D0F54826E9B}.Release|Any CPU.ActiveCfg = Release|Any CPU
		{AC650544-6E39-4D3C-B058-1D0F54826E9B}.Release|Any CPU.Build.0 = Release|Any CPU
		{3B9D2CBA-ABCE-47CE-B32D-4315F27E92A9}.Debug|Any CPU.ActiveCfg = Debug|Any CPU
		{3B9D2CBA-ABCE-47CE-B32D-4315F27E92A9}.Debug|Any CPU.Build.0 = Debug|Any CPU
		{3B9D2CBA-ABCE-47CE-B32D-4315F27E92A9}.Release|Any CPU.ActiveCfg = Release|Any CPU
		{3B9D2CBA-ABCE-47CE-B32D-4315F27E92A9}.Release|Any CPU.Build.0 = Release|Any CPU
	EndGlobalSection
	GlobalSection(SolutionProperties) = preSolution
		HideSolutionNode = FALSE
	EndGlobalSection
	GlobalSection(NestedProjects) = preSolution
		{56431782-20BD-4E1E-B8F1-7E4CD2865395} = {6F707438-22CF-4BF9-A56B-7817D9E4BD48}
	EndGlobalSection
	GlobalSection(ExtensibilityGlobals) = postSolution
		SolutionGuid = {E4868383-CE06-4BD8-A92C-5F3F4C169E05}
	EndGlobalSection
EndGlobal
